// !$*UTF8*$!
{
	archiveVersion = 1;
	classes = {
	};
	objectVersion = 46;
	objects = {

/* Begin PBXBuildFile section */
		5A2ED65D1DB8472500A75B2E /* DataModel.xcdatamodeld in Sources */ = {isa = PBXBuildFile; fileRef = 5A2ED65B1DB8472500A75B2E /* DataModel.xcdatamodeld */; };
		5A2ED6651DB8555200A75B2E /* LoginViewController.swift in Sources */ = {isa = PBXBuildFile; fileRef = 5A2ED6641DB8555200A75B2E /* LoginViewController.swift */; };
		5A2ED6671DB8564F00A75B2E /* RegisterViewController.swift in Sources */ = {isa = PBXBuildFile; fileRef = 5A2ED6661DB8564F00A75B2E /* RegisterViewController.swift */; };
		5A45837D1E95753B005FECA6 /* SaleListingsViewController.swift in Sources */ = {isa = PBXBuildFile; fileRef = 5A45837C1E95753B005FECA6 /* SaleListingsViewController.swift */; };
		5A45837F1E95779F005FECA6 /* EquipmentListingsViewController.swift in Sources */ = {isa = PBXBuildFile; fileRef = 5A45837E1E95779F005FECA6 /* EquipmentListingsViewController.swift */; };
		5A65E4DB1E3A9F1E009733D5 /* RentalListingsViewController.swift in Sources */ = {isa = PBXBuildFile; fileRef = 5A65E4DA1E3A9F1E009733D5 /* RentalListingsViewController.swift */; };
		5A65E4DD1E3AAEC3009733D5 /* CellData.swift in Sources */ = {isa = PBXBuildFile; fileRef = 5A65E4DC1E3AAEC3009733D5 /* CellData.swift */; };
		5A6FB8741DD7823100D58436 /* SWRevealViewController.m in Sources */ = {isa = PBXBuildFile; fileRef = 5A6FB8731DD7823100D58436 /* SWRevealViewController.m */; };
		5A6FB8761DD9025500D58436 /* MessageViewController.swift in Sources */ = {isa = PBXBuildFile; fileRef = 5A6FB8751DD9025500D58436 /* MessageViewController.swift */; };
		5AC30E3D1DCBD1DE00C502B2 /* ForgottenPassViewController.swift in Sources */ = {isa = PBXBuildFile; fileRef = 5AC30E3C1DCBD1DE00C502B2 /* ForgottenPassViewController.swift */; };
		5AD6B24B1DC95D440033E896 /* MapKit.framework in Frameworks */ = {isa = PBXBuildFile; fileRef = 5AD6B24A1DC95D440033E896 /* MapKit.framework */; };
		5AED3A761DB80B2200F3EA39 /* AppDelegate.swift in Sources */ = {isa = PBXBuildFile; fileRef = 5AED3A751DB80B2200F3EA39 /* AppDelegate.swift */; };
		5AED3A781DB80B2200F3EA39 /* ViewController.swift in Sources */ = {isa = PBXBuildFile; fileRef = 5AED3A771DB80B2200F3EA39 /* ViewController.swift */; };
		5AED3A7B1DB80B2200F3EA39 /* Main.storyboard in Resources */ = {isa = PBXBuildFile; fileRef = 5AED3A791DB80B2200F3EA39 /* Main.storyboard */; };
		5AED3A7D1DB80B2200F3EA39 /* Assets.xcassets in Resources */ = {isa = PBXBuildFile; fileRef = 5AED3A7C1DB80B2200F3EA39 /* Assets.xcassets */; };
		5AED3A801DB80B2200F3EA39 /* LaunchScreen.storyboard in Resources */ = {isa = PBXBuildFile; fileRef = 5AED3A7E1DB80B2200F3EA39 /* LaunchScreen.storyboard */; };
		5AED3A8B1DB80B2200F3EA39 /* Freely_MarketTests.swift in Sources */ = {isa = PBXBuildFile; fileRef = 5AED3A8A1DB80B2200F3EA39 /* Freely_MarketTests.swift */; };
		5AED3A961DB80B2200F3EA39 /* Freely_MarketUITests.swift in Sources */ = {isa = PBXBuildFile; fileRef = 5AED3A951DB80B2200F3EA39 /* Freely_MarketUITests.swift */; };
/* End PBXBuildFile section */

/* Begin PBXContainerItemProxy section */
		5AED3A871DB80B2200F3EA39 /* PBXContainerItemProxy */ = {
			isa = PBXContainerItemProxy;
			containerPortal = 5AED3A6A1DB80B2200F3EA39 /* Project object */;
			proxyType = 1;
			remoteGlobalIDString = 5AED3A711DB80B2200F3EA39;
			remoteInfo = "Freely Market";
		};
		5AED3A921DB80B2200F3EA39 /* PBXContainerItemProxy */ = {
			isa = PBXContainerItemProxy;
			containerPortal = 5AED3A6A1DB80B2200F3EA39 /* Project object */;
			proxyType = 1;
			remoteGlobalIDString = 5AED3A711DB80B2200F3EA39;
			remoteInfo = "Freely Market";
		};
/* End PBXContainerItemProxy section */

/* Begin PBXFileReference section */
		5A2ED65C1DB8472500A75B2E /* DataModel.xcdatamodel */ = {isa = PBXFileReference; lastKnownFileType = wrapper.xcdatamodel; path = DataModel.xcdatamodel; sourceTree = "<group>"; };
		5A2ED6641DB8555200A75B2E /* LoginViewController.swift */ = {isa = PBXFileReference; fileEncoding = 4; lastKnownFileType = sourcecode.swift; path = LoginViewController.swift; sourceTree = "<group>"; };
		5A2ED6661DB8564F00A75B2E /* RegisterViewController.swift */ = {isa = PBXFileReference; fileEncoding = 4; lastKnownFileType = sourcecode.swift; path = RegisterViewController.swift; sourceTree = "<group>"; };
		5A45837C1E95753B005FECA6 /* SaleListingsViewController.swift */ = {isa = PBXFileReference; fileEncoding = 4; lastKnownFileType = sourcecode.swift; path = SaleListingsViewController.swift; sourceTree = "<group>"; };
		5A45837E1E95779F005FECA6 /* EquipmentListingsViewController.swift */ = {isa = PBXFileReference; fileEncoding = 4; lastKnownFileType = sourcecode.swift; path = EquipmentListingsViewController.swift; sourceTree = "<group>"; };
		5A65E4DA1E3A9F1E009733D5 /* RentalListingsViewController.swift */ = {isa = PBXFileReference; fileEncoding = 4; lastKnownFileType = sourcecode.swift; path = RentalListingsViewController.swift; sourceTree = "<group>"; };
		5A65E4DC1E3AAEC3009733D5 /* CellData.swift */ = {isa = PBXFileReference; fileEncoding = 4; lastKnownFileType = sourcecode.swift; path = CellData.swift; sourceTree = "<group>"; };
		5A6FB8711DD7823000D58436 /* Freely Market-Bridging-Header.h */ = {isa = PBXFileReference; lastKnownFileType = sourcecode.c.h; path = "Freely Market-Bridging-Header.h"; sourceTree = "<group>"; };
		5A6FB8721DD7823100D58436 /* SWRevealViewController.h */ = {isa = PBXFileReference; fileEncoding = 4; lastKnownFileType = sourcecode.c.h; path = SWRevealViewController.h; sourceTree = "<group>"; };
		5A6FB8731DD7823100D58436 /* SWRevealViewController.m */ = {isa = PBXFileReference; fileEncoding = 4; lastKnownFileType = sourcecode.c.objc; path = SWRevealViewController.m; sourceTree = "<group>"; };
		5A6FB8751DD9025500D58436 /* MessageViewController.swift */ = {isa = PBXFileReference; fileEncoding = 4; lastKnownFileType = sourcecode.swift; path = MessageViewController.swift; sourceTree = "<group>"; };
		5AC30E3C1DCBD1DE00C502B2 /* ForgottenPassViewController.swift */ = {isa = PBXFileReference; fileEncoding = 4; lastKnownFileType = sourcecode.swift; path = ForgottenPassViewController.swift; sourceTree = "<group>"; };
		5AD6B24A1DC95D440033E896 /* MapKit.framework */ = {isa = PBXFileReference; lastKnownFileType = wrapper.framework; name = MapKit.framework; path = System/Library/Frameworks/MapKit.framework; sourceTree = SDKROOT; };
		5AD6B24C1DC95D5A0033E896 /* Freely Market.entitlements */ = {isa = PBXFileReference; lastKnownFileType = text.plist.entitlements; path = "Freely Market.entitlements"; sourceTree = "<group>"; };
		5AED3A721DB80B2200F3EA39 /* Freely Market.app */ = {isa = PBXFileReference; explicitFileType = wrapper.application; includeInIndex = 0; path = "Freely Market.app"; sourceTree = BUILT_PRODUCTS_DIR; };
		5AED3A751DB80B2200F3EA39 /* AppDelegate.swift */ = {isa = PBXFileReference; lastKnownFileType = sourcecode.swift; path = AppDelegate.swift; sourceTree = "<group>"; };
		5AED3A771DB80B2200F3EA39 /* ViewController.swift */ = {isa = PBXFileReference; lastKnownFileType = sourcecode.swift; path = ViewController.swift; sourceTree = "<group>"; };
		5AED3A7A1DB80B2200F3EA39 /* Base */ = {isa = PBXFileReference; lastKnownFileType = file.storyboard; name = Base; path = Base.lproj/Main.storyboard; sourceTree = "<group>"; };
		5AED3A7C1DB80B2200F3EA39 /* Assets.xcassets */ = {isa = PBXFileReference; lastKnownFileType = folder.assetcatalog; path = Assets.xcassets; sourceTree = "<group>"; };
		5AED3A7F1DB80B2200F3EA39 /* Base */ = {isa = PBXFileReference; lastKnownFileType = file.storyboard; name = Base; path = Base.lproj/LaunchScreen.storyboard; sourceTree = "<group>"; };
		5AED3A811DB80B2200F3EA39 /* Info.plist */ = {isa = PBXFileReference; lastKnownFileType = text.plist.xml; path = Info.plist; sourceTree = "<group>"; };
		5AED3A861DB80B2200F3EA39 /* Freely MarketTests.xctest */ = {isa = PBXFileReference; explicitFileType = wrapper.cfbundle; includeInIndex = 0; path = "Freely MarketTests.xctest"; sourceTree = BUILT_PRODUCTS_DIR; };
		5AED3A8A1DB80B2200F3EA39 /* Freely_MarketTests.swift */ = {isa = PBXFileReference; lastKnownFileType = sourcecode.swift; path = Freely_MarketTests.swift; sourceTree = "<group>"; };
		5AED3A8C1DB80B2200F3EA39 /* Info.plist */ = {isa = PBXFileReference; lastKnownFileType = text.plist.xml; path = Info.plist; sourceTree = "<group>"; };
		5AED3A911DB80B2200F3EA39 /* Freely MarketUITests.xctest */ = {isa = PBXFileReference; explicitFileType = wrapper.cfbundle; includeInIndex = 0; path = "Freely MarketUITests.xctest"; sourceTree = BUILT_PRODUCTS_DIR; };
		5AED3A951DB80B2200F3EA39 /* Freely_MarketUITests.swift */ = {isa = PBXFileReference; lastKnownFileType = sourcecode.swift; path = Freely_MarketUITests.swift; sourceTree = "<group>"; };
		5AED3A971DB80B2200F3EA39 /* Info.plist */ = {isa = PBXFileReference; lastKnownFileType = text.plist.xml; path = Info.plist; sourceTree = "<group>"; };
/* End PBXFileReference section */

/* Begin PBXFrameworksBuildPhase section */
		5AED3A6F1DB80B2200F3EA39 /* Frameworks */ = {
			isa = PBXFrameworksBuildPhase;
			buildActionMask = 2147483647;
			files = (
				5AD6B24B1DC95D440033E896 /* MapKit.framework in Frameworks */,
			);
			runOnlyForDeploymentPostprocessing = 0;
		};
		5AED3A831DB80B2200F3EA39 /* Frameworks */ = {
			isa = PBXFrameworksBuildPhase;
			buildActionMask = 2147483647;
			files = (
			);
			runOnlyForDeploymentPostprocessing = 0;
		};
		5AED3A8E1DB80B2200F3EA39 /* Frameworks */ = {
			isa = PBXFrameworksBuildPhase;
			buildActionMask = 2147483647;
			files = (
			);
			runOnlyForDeploymentPostprocessing = 0;
		};
/* End PBXFrameworksBuildPhase section */

/* Begin PBXGroup section */
		5A6FB8701DD7821800D58436 /* SWRevealViewController */ = {
			isa = PBXGroup;
			children = (
				5A6FB8721DD7823100D58436 /* SWRevealViewController.h */,
				5A6FB8731DD7823100D58436 /* SWRevealViewController.m */,
				5A6FB8711DD7823000D58436 /* Freely Market-Bridging-Header.h */,
			);
			name = SWRevealViewController;
			sourceTree = "<group>";
		};
		5AD6B2491DC95D440033E896 /* Frameworks */ = {
			isa = PBXGroup;
			children = (
				5AD6B24A1DC95D440033E896 /* MapKit.framework */,
			);
			name = Frameworks;
			sourceTree = "<group>";
		};
		5AED3A691DB80B2200F3EA39 = {
			isa = PBXGroup;
			children = (
				5A2ED65B1DB8472500A75B2E /* DataModel.xcdatamodeld */,
				5AED3A741DB80B2200F3EA39 /* Freely Market */,
				5AED3A891DB80B2200F3EA39 /* Freely MarketTests */,
				5AED3A941DB80B2200F3EA39 /* Freely MarketUITests */,
				5AED3A731DB80B2200F3EA39 /* Products */,
				5AD6B2491DC95D440033E896 /* Frameworks */,
			);
			sourceTree = "<group>";
		};
		5AED3A731DB80B2200F3EA39 /* Products */ = {
			isa = PBXGroup;
			children = (
				5AED3A721DB80B2200F3EA39 /* Freely Market.app */,
				5AED3A861DB80B2200F3EA39 /* Freely MarketTests.xctest */,
				5AED3A911DB80B2200F3EA39 /* Freely MarketUITests.xctest */,
			);
			name = Products;
			sourceTree = "<group>";
		};
		5AED3A741DB80B2200F3EA39 /* Freely Market */ = {
			isa = PBXGroup;
			children = (
				5A6FB8701DD7821800D58436 /* SWRevealViewController */,
				5AD6B24C1DC95D5A0033E896 /* Freely Market.entitlements */,
				5AED3A751DB80B2200F3EA39 /* AppDelegate.swift */,
				5AED3A7E1DB80B2200F3EA39 /* LaunchScreen.storyboard */,
				5AED3A791DB80B2200F3EA39 /* Main.storyboard */,
				5AED3A7C1DB80B2200F3EA39 /* Assets.xcassets */,
				5AED3A811DB80B2200F3EA39 /* Info.plist */,
				5A65E4DA1E3A9F1E009733D5 /* RentalListingsViewController.swift */,
				5A45837E1E95779F005FECA6 /* EquipmentListingsViewController.swift */,
				5A45837C1E95753B005FECA6 /* SaleListingsViewController.swift */,
				5A65E4DC1E3AAEC3009733D5 /* CellData.swift */,
				5AED3A771DB80B2200F3EA39 /* ViewController.swift */,
				5A6FB8751DD9025500D58436 /* MessageViewController.swift */,
				5A2ED6641DB8555200A75B2E /* LoginViewController.swift */,
				5AC30E3C1DCBD1DE00C502B2 /* ForgottenPassViewController.swift */,
				5A2ED6661DB8564F00A75B2E /* RegisterViewController.swift */,
			);
			path = "Freely Market";
			sourceTree = "<group>";
		};
		5AED3A891DB80B2200F3EA39 /* Freely MarketTests */ = {
			isa = PBXGroup;
			children = (
				5AED3A8A1DB80B2200F3EA39 /* Freely_MarketTests.swift */,
				5AED3A8C1DB80B2200F3EA39 /* Info.plist */,
			);
			path = "Freely MarketTests";
			sourceTree = "<group>";
		};
		5AED3A941DB80B2200F3EA39 /* Freely MarketUITests */ = {
			isa = PBXGroup;
			children = (
				5AED3A951DB80B2200F3EA39 /* Freely_MarketUITests.swift */,
				5AED3A971DB80B2200F3EA39 /* Info.plist */,
			);
			path = "Freely MarketUITests";
			sourceTree = "<group>";
		};
/* End PBXGroup section */

/* Begin PBXNativeTarget section */
		5AED3A711DB80B2200F3EA39 /* Freely Market */ = {
			isa = PBXNativeTarget;
			buildConfigurationList = 5AED3A9A1DB80B2200F3EA39 /* Build configuration list for PBXNativeTarget "Freely Market" */;
			buildPhases = (
				5AED3A6E1DB80B2200F3EA39 /* Sources */,
				5AED3A6F1DB80B2200F3EA39 /* Frameworks */,
				5AED3A701DB80B2200F3EA39 /* Resources */,
			);
			buildRules = (
			);
			dependencies = (
			);
			name = "Freely Market";
			productName = "Freely Market";
			productReference = 5AED3A721DB80B2200F3EA39 /* Freely Market.app */;
			productType = "com.apple.product-type.application";
		};
		5AED3A851DB80B2200F3EA39 /* Freely MarketTests */ = {
			isa = PBXNativeTarget;
			buildConfigurationList = 5AED3A9D1DB80B2200F3EA39 /* Build configuration list for PBXNativeTarget "Freely MarketTests" */;
			buildPhases = (
				5AED3A821DB80B2200F3EA39 /* Sources */,
				5AED3A831DB80B2200F3EA39 /* Frameworks */,
				5AED3A841DB80B2200F3EA39 /* Resources */,
			);
			buildRules = (
			);
			dependencies = (
				5AED3A881DB80B2200F3EA39 /* PBXTargetDependency */,
			);
			name = "Freely MarketTests";
			productName = "Freely MarketTests";
			productReference = 5AED3A861DB80B2200F3EA39 /* Freely MarketTests.xctest */;
			productType = "com.apple.product-type.bundle.unit-test";
		};
		5AED3A901DB80B2200F3EA39 /* Freely MarketUITests */ = {
			isa = PBXNativeTarget;
			buildConfigurationList = 5AED3AA01DB80B2200F3EA39 /* Build configuration list for PBXNativeTarget "Freely MarketUITests" */;
			buildPhases = (
				5AED3A8D1DB80B2200F3EA39 /* Sources */,
				5AED3A8E1DB80B2200F3EA39 /* Frameworks */,
				5AED3A8F1DB80B2200F3EA39 /* Resources */,
			);
			buildRules = (
			);
			dependencies = (
				5AED3A931DB80B2200F3EA39 /* PBXTargetDependency */,
			);
			name = "Freely MarketUITests";
			productName = "Freely MarketUITests";
			productReference = 5AED3A911DB80B2200F3EA39 /* Freely MarketUITests.xctest */;
			productType = "com.apple.product-type.bundle.ui-testing";
		};
/* End PBXNativeTarget section */

/* Begin PBXProject section */
		5AED3A6A1DB80B2200F3EA39 /* Project object */ = {
			isa = PBXProject;
			attributes = {
				LastSwiftUpdateCheck = 0800;
				LastUpgradeCheck = 0810;
				ORGANIZATIONNAME = "Freely Creative";
				TargetAttributes = {
					5AED3A711DB80B2200F3EA39 = {
						CreatedOnToolsVersion = 8.0;
						DevelopmentTeam = G94LYLN76P;
						LastSwiftMigration = 0810;
						ProvisioningStyle = Automatic;
						SystemCapabilities = {
							com.apple.DataProtection = {
								enabled = 1;
							};
							com.apple.Keychain = {
								enabled = 1;
							};
							com.apple.Maps.iOS = {
								enabled = 1;
							};
						};
					};
					5AED3A851DB80B2200F3EA39 = {
						CreatedOnToolsVersion = 8.0;
						ProvisioningStyle = Automatic;
						TestTargetID = 5AED3A711DB80B2200F3EA39;
					};
					5AED3A901DB80B2200F3EA39 = {
						CreatedOnToolsVersion = 8.0;
						ProvisioningStyle = Automatic;
						TestTargetID = 5AED3A711DB80B2200F3EA39;
					};
				};
			};
			buildConfigurationList = 5AED3A6D1DB80B2200F3EA39 /* Build configuration list for PBXProject "Freely Market" */;
			compatibilityVersion = "Xcode 3.2";
			developmentRegion = English;
			hasScannedForEncodings = 0;
			knownRegions = (
				en,
				Base,
			);
			mainGroup = 5AED3A691DB80B2200F3EA39;
			productRefGroup = 5AED3A731DB80B2200F3EA39 /* Products */;
			projectDirPath = "";
			projectRoot = "";
			targets = (
				5AED3A711DB80B2200F3EA39 /* Freely Market */,
				5AED3A851DB80B2200F3EA39 /* Freely MarketTests */,
				5AED3A901DB80B2200F3EA39 /* Freely MarketUITests */,
			);
		};
/* End PBXProject section */

/* Begin PBXResourcesBuildPhase section */
		5AED3A701DB80B2200F3EA39 /* Resources */ = {
			isa = PBXResourcesBuildPhase;
			buildActionMask = 2147483647;
			files = (
				5AED3A801DB80B2200F3EA39 /* LaunchScreen.storyboard in Resources */,
				5AED3A7D1DB80B2200F3EA39 /* Assets.xcassets in Resources */,
				5AED3A7B1DB80B2200F3EA39 /* Main.storyboard in Resources */,
			);
			runOnlyForDeploymentPostprocessing = 0;
		};
		5AED3A841DB80B2200F3EA39 /* Resources */ = {
			isa = PBXResourcesBuildPhase;
			buildActionMask = 2147483647;
			files = (
			);
			runOnlyForDeploymentPostprocessing = 0;
		};
		5AED3A8F1DB80B2200F3EA39 /* Resources */ = {
			isa = PBXResourcesBuildPhase;
			buildActionMask = 2147483647;
			files = (
			);
			runOnlyForDeploymentPostprocessing = 0;
		};
/* End PBXResourcesBuildPhase section */

/* Begin PBXSourcesBuildPhase section */
		5AED3A6E1DB80B2200F3EA39 /* Sources */ = {
			isa = PBXSourcesBuildPhase;
			buildActionMask = 2147483647;
			files = (
				5A65E4DB1E3A9F1E009733D5 /* RentalListingsViewController.swift in Sources */,
				5A6FB8741DD7823100D58436 /* SWRevealViewController.m in Sources */,
				5A45837D1E95753B005FECA6 /* SaleListingsViewController.swift in Sources */,
				5A2ED6651DB8555200A75B2E /* LoginViewController.swift in Sources */,
				5A65E4DD1E3AAEC3009733D5 /* CellData.swift in Sources */,
				5A6FB8761DD9025500D58436 /* MessageViewController.swift in Sources */,
				5A2ED6671DB8564F00A75B2E /* RegisterViewController.swift in Sources */,
				5AC30E3D1DCBD1DE00C502B2 /* ForgottenPassViewController.swift in Sources */,
				5A45837F1E95779F005FECA6 /* EquipmentListingsViewController.swift in Sources */,
				5A2ED65D1DB8472500A75B2E /* DataModel.xcdatamodeld in Sources */,
				5AED3A781DB80B2200F3EA39 /* ViewController.swift in Sources */,
				5AED3A761DB80B2200F3EA39 /* AppDelegate.swift in Sources */,
			);
			runOnlyForDeploymentPostprocessing = 0;
		};
		5AED3A821DB80B2200F3EA39 /* Sources */ = {
			isa = PBXSourcesBuildPhase;
			buildActionMask = 2147483647;
			files = (
				5AED3A8B1DB80B2200F3EA39 /* Freely_MarketTests.swift in Sources */,
			);
			runOnlyForDeploymentPostprocessing = 0;
		};
		5AED3A8D1DB80B2200F3EA39 /* Sources */ = {
			isa = PBXSourcesBuildPhase;
			buildActionMask = 2147483647;
			files = (
				5AED3A961DB80B2200F3EA39 /* Freely_MarketUITests.swift in Sources */,
			);
			runOnlyForDeploymentPostprocessing = 0;
		};
/* End PBXSourcesBuildPhase section */

/* Begin PBXTargetDependency section */
		5AED3A881DB80B2200F3EA39 /* PBXTargetDependency */ = {
			isa = PBXTargetDependency;
			target = 5AED3A711DB80B2200F3EA39 /* Freely Market */;
			targetProxy = 5AED3A871DB80B2200F3EA39 /* PBXContainerItemProxy */;
		};
		5AED3A931DB80B2200F3EA39 /* PBXTargetDependency */ = {
			isa = PBXTargetDependency;
			target = 5AED3A711DB80B2200F3EA39 /* Freely Market */;
			targetProxy = 5AED3A921DB80B2200F3EA39 /* PBXContainerItemProxy */;
		};
/* End PBXTargetDependency section */

/* Begin PBXVariantGroup section */
		5AED3A791DB80B2200F3EA39 /* Main.storyboard */ = {
			isa = PBXVariantGroup;
			children = (
				5AED3A7A1DB80B2200F3EA39 /* Base */,
			);
			name = Main.storyboard;
			sourceTree = "<group>";
		};
		5AED3A7E1DB80B2200F3EA39 /* LaunchScreen.storyboard */ = {
			isa = PBXVariantGroup;
			children = (
				5AED3A7F1DB80B2200F3EA39 /* Base */,
			);
			name = LaunchScreen.storyboard;
			sourceTree = "<group>";
		};
/* End PBXVariantGroup section */

/* Begin XCBuildConfiguration section */
		5AED3A981DB80B2200F3EA39 /* Debug */ = {
			isa = XCBuildConfiguration;
			buildSettings = {
				ALWAYS_SEARCH_USER_PATHS = NO;
				CLANG_ANALYZER_NONNULL = YES;
				CLANG_CXX_LANGUAGE_STANDARD = "gnu++0x";
				CLANG_CXX_LIBRARY = "libc++";
				CLANG_ENABLE_MODULES = YES;
				CLANG_ENABLE_OBJC_ARC = YES;
				CLANG_WARN_BOOL_CONVERSION = YES;
				CLANG_WARN_CONSTANT_CONVERSION = YES;
				CLANG_WARN_DIRECT_OBJC_ISA_USAGE = YES_ERROR;
				CLANG_WARN_DOCUMENTATION_COMMENTS = YES;
				CLANG_WARN_EMPTY_BODY = YES;
				CLANG_WARN_ENUM_CONVERSION = YES;
				CLANG_WARN_INFINITE_RECURSION = YES;
				CLANG_WARN_INT_CONVERSION = YES;
				CLANG_WARN_OBJC_ROOT_CLASS = YES_ERROR;
				CLANG_WARN_SUSPICIOUS_MOVE = YES;
				CLANG_WARN_SUSPICIOUS_MOVES = YES;
				CLANG_WARN_UNREACHABLE_CODE = YES;
				CLANG_WARN__DUPLICATE_METHOD_MATCH = YES;
				"CODE_SIGN_IDENTITY[sdk=iphoneos*]" = "iPhone Developer";
				COPY_PHASE_STRIP = NO;
				DEBUG_INFORMATION_FORMAT = dwarf;
				ENABLE_STRICT_OBJC_MSGSEND = YES;
				ENABLE_TESTABILITY = YES;
				GCC_C_LANGUAGE_STANDARD = gnu99;
				GCC_DYNAMIC_NO_PIC = NO;
				GCC_NO_COMMON_BLOCKS = YES;
				GCC_OPTIMIZATION_LEVEL = 0;
				GCC_PREPROCESSOR_DEFINITIONS = (
					"DEBUG=1",
					"$(inherited)",
				);
				GCC_WARN_64_TO_32_BIT_CONVERSION = YES;
				GCC_WARN_ABOUT_RETURN_TYPE = YES_ERROR;
				GCC_WARN_UNDECLARED_SELECTOR = YES;
				GCC_WARN_UNINITIALIZED_AUTOS = YES_AGGRESSIVE;
				GCC_WARN_UNUSED_FUNCTION = YES;
				GCC_WARN_UNUSED_VARIABLE = YES;
				IPHONEOS_DEPLOYMENT_TARGET = 10.0;
				MTL_ENABLE_DEBUG_INFO = YES;
				ONLY_ACTIVE_ARCH = YES;
				SDKROOT = iphoneos;
				SWIFT_ACTIVE_COMPILATION_CONDITIONS = DEBUG;
				SWIFT_OPTIMIZATION_LEVEL = "-Onone";
				TARGETED_DEVICE_FAMILY = "1,2";
			};
			name = Debug;
		};
		5AED3A991DB80B2200F3EA39 /* Release */ = {
			isa = XCBuildConfiguration;
			buildSettings = {
				ALWAYS_SEARCH_USER_PATHS = NO;
				CLANG_ANALYZER_NONNULL = YES;
				CLANG_CXX_LANGUAGE_STANDARD = "gnu++0x";
				CLANG_CXX_LIBRARY = "libc++";
				CLANG_ENABLE_MODULES = YES;
				CLANG_ENABLE_OBJC_ARC = YES;
				CLANG_WARN_BOOL_CONVERSION = YES;
				CLANG_WARN_CONSTANT_CONVERSION = YES;
				CLANG_WARN_DIRECT_OBJC_ISA_USAGE = YES_ERROR;
				CLANG_WARN_DOCUMENTATION_COMMENTS = YES;
				CLANG_WARN_EMPTY_BODY = YES;
				CLANG_WARN_ENUM_CONVERSION = YES;
				CLANG_WARN_INFINITE_RECURSION = YES;
				CLANG_WARN_INT_CONVERSION = YES;
				CLANG_WARN_OBJC_ROOT_CLASS = YES_ERROR;
				CLANG_WARN_SUSPICIOUS_MOVE = YES;
				CLANG_WARN_SUSPICIOUS_MOVES = YES;
				CLANG_WARN_UNREACHABLE_CODE = YES;
				CLANG_WARN__DUPLICATE_METHOD_MATCH = YES;
				"CODE_SIGN_IDENTITY[sdk=iphoneos*]" = "iPhone Developer";
				COPY_PHASE_STRIP = NO;
				DEBUG_INFORMATION_FORMAT = "dwarf-with-dsym";
				ENABLE_NS_ASSERTIONS = NO;
				ENABLE_STRICT_OBJC_MSGSEND = YES;
				GCC_C_LANGUAGE_STANDARD = gnu99;
				GCC_NO_COMMON_BLOCKS = YES;
				GCC_WARN_64_TO_32_BIT_CONVERSION = YES;
				GCC_WARN_ABOUT_RETURN_TYPE = YES_ERROR;
				GCC_WARN_UNDECLARED_SELECTOR = YES;
				GCC_WARN_UNINITIALIZED_AUTOS = YES_AGGRESSIVE;
				GCC_WARN_UNUSED_FUNCTION = YES;
				GCC_WARN_UNUSED_VARIABLE = YES;
				IPHONEOS_DEPLOYMENT_TARGET = 10.0;
				MTL_ENABLE_DEBUG_INFO = NO;
				SDKROOT = iphoneos;
				SWIFT_OPTIMIZATION_LEVEL = "-Owholemodule";
				TARGETED_DEVICE_FAMILY = "1,2";
				VALIDATE_PRODUCT = YES;
			};
			name = Release;
		};
		5AED3A9B1DB80B2200F3EA39 /* Debug */ = {
			isa = XCBuildConfiguration;
			buildSettings = {
				ASSETCATALOG_COMPILER_APPICON_NAME = AppIcon;
				CLANG_ENABLE_MODULES = YES;
				CODE_SIGN_ENTITLEMENTS = "Freely Market/Freely Market.entitlements";
				DEVELOPMENT_TEAM = G94LYLN76P;
				INFOPLIST_FILE = "Freely Market/Info.plist";
				LD_RUNPATH_SEARCH_PATHS = "$(inherited) @executable_path/Frameworks";
				PRODUCT_BUNDLE_IDENTIFIER = "com.freelyCreative.Freely-Market";
				PRODUCT_NAME = "$(TARGET_NAME)";
				SWIFT_OBJC_BRIDGING_HEADER = "Freely Market/Freely Market-Bridging-Header.h";
				SWIFT_OPTIMIZATION_LEVEL = "-Onone";
				SWIFT_VERSION = 3.0;
				TARGETED_DEVICE_FAMILY = 1;
			};
			name = Debug;
		};
		5AED3A9C1DB80B2200F3EA39 /* Release */ = {
			isa = XCBuildConfiguration;
			buildSettings = {
				ASSETCATALOG_COMPILER_APPICON_NAME = AppIcon;
				CLANG_ENABLE_MODULES = YES;
				CODE_SIGN_ENTITLEMENTS = "Freely Market/Freely Market.entitlements";
				DEVELOPMENT_TEAM = G94LYLN76P;
				INFOPLIST_FILE = "Freely Market/Info.plist";
				LD_RUNPATH_SEARCH_PATHS = "$(inherited) @executable_path/Frameworks";
				PRODUCT_BUNDLE_IDENTIFIER = "com.freelyCreative.Freely-Market";
				PRODUCT_NAME = "$(TARGET_NAME)";
				SWIFT_OBJC_BRIDGING_HEADER = "Freely Market/Freely Market-Bridging-Header.h";
				SWIFT_VERSION = 3.0;
				TARGETED_DEVICE_FAMILY = 1;
			};
			name = Release;
		};
		5AED3A9E1DB80B2200F3EA39 /* Debug */ = {
			isa = XCBuildConfiguration;
			buildSettings = {
				ALWAYS_EMBED_SWIFT_STANDARD_LIBRARIES = YES;
				BUNDLE_LOADER = "$(TEST_HOST)";
				INFOPLIST_FILE = "Freely MarketTests/Info.plist";
				LD_RUNPATH_SEARCH_PATHS = "$(inherited) @executable_path/Frameworks @loader_path/Frameworks";
				PRODUCT_BUNDLE_IDENTIFIER = "com.freelyCreative.Freely-MarketTests";
				PRODUCT_NAME = "$(TARGET_NAME)";
				SWIFT_VERSION = 3.0;
				TEST_HOST = "$(BUILT_PRODUCTS_DIR)/Freely Market.app/Freely Market";
			};
			name = Debug;
		};
		5AED3A9F1DB80B2200F3EA39 /* Release */ = {
			isa = XCBuildConfiguration;
			buildSettings = {
				ALWAYS_EMBED_SWIFT_STANDARD_LIBRARIES = YES;
				BUNDLE_LOADER = "$(TEST_HOST)";
				INFOPLIST_FILE = "Freely MarketTests/Info.plist";
				LD_RUNPATH_SEARCH_PATHS = "$(inherited) @executable_path/Frameworks @loader_path/Frameworks";
				PRODUCT_BUNDLE_IDENTIFIER = "com.freelyCreative.Freely-MarketTests";
				PRODUCT_NAME = "$(TARGET_NAME)";
				SWIFT_VERSION = 3.0;
				TEST_HOST = "$(BUILT_PRODUCTS_DIR)/Freely Market.app/Freely Market";
			};
			name = Release;
		};
		5AED3AA11DB80B2200F3EA39 /* Debug */ = {
			isa = XCBuildConfiguration;
			buildSettings = {
				ALWAYS_EMBED_SWIFT_STANDARD_LIBRARIES = YES;
				INFOPLIST_FILE = "Freely MarketUITests/Info.plist";
				LD_RUNPATH_SEARCH_PATHS = "$(inherited) @executable_path/Frameworks @loader_path/Frameworks";
				PRODUCT_BUNDLE_IDENTIFIER = "com.freelyCreative.Freely-MarketUITests";
				PRODUCT_NAME = "$(TARGET_NAME)";
				SWIFT_VERSION = 3.0;
				TEST_TARGET_NAME = "Freely Market";
			};
			name = Debug;
		};
		5AED3AA21DB80B2200F3EA39 /* Release */ = {
			isa = XCBuildConfiguration;
			buildSettings = {
				ALWAYS_EMBED_SWIFT_STANDARD_LIBRARIES = YES;
				INFOPLIST_FILE = "Freely MarketUITests/Info.plist";
				LD_RUNPATH_SEARCH_PATHS = "$(inherited) @executable_path/Frameworks @loader_path/Frameworks";
				PRODUCT_BUNDLE_IDENTIFIER = "com.freelyCreative.Freely-MarketUITests";
				PRODUCT_NAME = "$(TARGET_NAME)";
				SWIFT_VERSION = 3.0;
				TEST_TARGET_NAME = "Freely Market";
			};
			name = Release;
		};
/* End XCBuildConfiguration section */

/* Begin XCConfigurationList section */
		5AED3A6D1DB80B2200F3EA39 /* Build configuration list for PBXProject "Freely Market" */ = {
			isa = XCConfigurationList;
			buildConfigurations = (
				5AED3A981DB80B2200F3EA39 /* Debug */,
				5AED3A991DB80B2200F3EA39 /* Release */,
			);
			defaultConfigurationIsVisible = 0;
			defaultConfigurationName = Release;
		};
		5AED3A9A1DB80B2200F3EA39 /* Build configuration list for PBXNativeTarget "Freely Market" */ = {
			isa = XCConfigurationList;
			buildConfigurations = (
				5AED3A9B1DB80B2200F3EA39 /* Debug */,
				5AED3A9C1DB80B2200F3EA39 /* Release */,
			);
			defaultConfigurationIsVisible = 0;
			defaultConfigurationName = Release;
		};
		5AED3A9D1DB80B2200F3EA39 /* Build configuration list for PBXNativeTarget "Freely MarketTests" */ = {
			isa = XCConfigurationList;
			buildConfigurations = (
				5AED3A9E1DB80B2200F3EA39 /* Debug */,
				5AED3A9F1DB80B2200F3EA39 /* Release */,
			);
			defaultConfigurationIsVisible = 0;
			defaultConfigurationName = Release;
		};
		5AED3AA01DB80B2200F3EA39 /* Build configuration list for PBXNativeTarget "Freely MarketUITests" */ = {
			isa = XCConfigurationList;
			buildConfigurations = (
				5AED3AA11DB80B2200F3EA39 /* Debug */,
				5AED3AA21DB80B2200F3EA39 /* Release */,
			);
			defaultConfigurationIsVisible = 0;
			defaultConfigurationName = Release;
		};
/* End XCConfigurationList section */

/* Begin XCVersionGroup section */
		5A2ED65B1DB8472500A75B2E /* DataModel.xcdatamodeld */ = {
			isa = XCVersionGroup;
			children = (
				5A2ED65C1DB8472500A75B2E /* DataModel.xcdatamodel */,
			);
			currentVersion = 5A2ED65C1DB8472500A75B2E /* DataModel.xcdatamodel */;
			name = DataModel.xcdatamodeld;
			path = "Freely Market/DataModel.xcdatamodeld";
			sourceTree = "<group>";
			versionGroupType = wrapper.xcdatamodel;
		};
/* End XCVersionGroup section */
	};
	rootObject = 5AED3A6A1DB80B2200F3EA39 /* Project object */;
}
